{
  "originHash" : "91ba2f6c38856f7137fa7ebe464d66109651390c16d9b80eba5565f9d0f57213",
  "pins" : [
    {
      "identity" : "interactivezoomdriver_swiftui",
      "kind" : "remoteSourceControl",
      "location" : "https://github.com/shima11/InteractiveZoomDriver_SwiftUI",
      "state" : {
        "branch" : "main",
        "revision" : "126298cbb94e6be39e8f7e086082b90b866b184d"
      }
    }
  ],
  "version" : 3
}
