{
  "originHash" : "91ba2f6c38856f7137fa7ebe464d66109651390c16d9b80eba5565f9d0f57213",
  "pins" : [
    {
      "identity" : "interactivezoomdriver_swiftui",
      "kind" : "remoteSourceControl",
      "location" : "https://github.com/shima11/InteractiveZoomDriver_SwiftUI",
      "state" : {
        "branch" : "main",
        "revision" : "30e15a5fcd79a8f2024cdd2b2f471c200b179c99"
      }
    }
  ],
  "version" : 3
}
